// !$*UTF8*$!
{
	archiveVersion = 1;
	classes = {
	};
	objectVersion = 46;
	objects = {

/* Begin PBXBuildFile section */
		3E9658971537E26D002818DB /* UIKit.framework in Frameworks */ = {isa = PBXBuildFile; fileRef = 3E9658961537E26D002818DB /* UIKit.framework */; };
		3E9658991537E26D002818DB /* Foundation.framework in Frameworks */ = {isa = PBXBuildFile; fileRef = 3E9658981537E26D002818DB /* Foundation.framework */; };
		3E96589B1537E26D002818DB /* CoreGraphics.framework in Frameworks */ = {isa = PBXBuildFile; fileRef = 3E96589A1537E26D002818DB /* CoreGraphics.framework */; };
		3E9658A11537E26D002818DB /* InfoPlist.strings in Resources */ = {isa = PBXBuildFile; fileRef = 3E96589F1537E26D002818DB /* InfoPlist.strings */; };
		3E9658A31537E26D002818DB /* main.m in Sources */ = {isa = PBXBuildFile; fileRef = 3E9658A21537E26D002818DB /* main.m */; };
		3E9658A71537E26D002818DB /* TLAppDelegate.m in Sources */ = {isa = PBXBuildFile; fileRef = 3E9658A61537E26D002818DB /* TLAppDelegate.m */; };
		3E9658AA1537E26D002818DB /* TLViewController.m in Sources */ = {isa = PBXBuildFile; fileRef = 3E9658A91537E26D002818DB /* TLViewController.m */; };
		3E9658AD1537E26D002818DB /* TLViewController.xib in Resources */ = {isa = PBXBuildFile; fileRef = 3E9658AB1537E26D002818DB /* TLViewController.xib */; };
		3E9658B91537EC3C002818DB /* MapKit.framework in Frameworks */ = {isa = PBXBuildFile; fileRef = 3E9658B81537EC3C002818DB /* MapKit.framework */; };
/* End PBXBuildFile section */

/* Begin PBXFileReference section */
		3E9658921537E26D002818DB /* Trailer.app */ = {isa = PBXFileReference; explicitFileType = wrapper.application; includeInIndex = 0; path = Trailer.app; sourceTree = BUILT_PRODUCTS_DIR; };
		3E9658961537E26D002818DB /* UIKit.framework */ = {isa = PBXFileReference; lastKnownFileType = wrapper.framework; name = UIKit.framework; path = System/Library/Frameworks/UIKit.framework; sourceTree = SDKROOT; };
		3E9658981537E26D002818DB /* Foundation.framework */ = {isa = PBXFileReference; lastKnownFileType = wrapper.framework; name = Foundation.framework; path = System/Library/Frameworks/Foundation.framework; sourceTree = SDKROOT; };
		3E96589A1537E26D002818DB /* CoreGraphics.framework */ = {isa = PBXFileReference; lastKnownFileType = wrapper.framework; name = CoreGraphics.framework; path = System/Library/Frameworks/CoreGraphics.framework; sourceTree = SDKROOT; };
		3E96589E1537E26D002818DB /* Trailer-Info.plist */ = {isa = PBXFileReference; lastKnownFileType = text.plist.xml; path = "Trailer-Info.plist"; sourceTree = "<group>"; };
		3E9658A01537E26D002818DB /* en */ = {isa = PBXFileReference; lastKnownFileType = text.plist.strings; name = en; path = en.lproj/InfoPlist.strings; sourceTree = "<group>"; };
		3E9658A21537E26D002818DB /* main.m */ = {isa = PBXFileReference; lastKnownFileType = sourcecode.c.objc; path = main.m; sourceTree = "<group>"; };
		3E9658A41537E26D002818DB /* Trailer-Prefix.pch */ = {isa = PBXFileReference; lastKnownFileType = sourcecode.c.h; path = "Trailer-Prefix.pch"; sourceTree = "<group>"; };
		3E9658A51537E26D002818DB /* TLAppDelegate.h */ = {isa = PBXFileReference; lastKnownFileType = sourcecode.c.h; path = TLAppDelegate.h; sourceTree = "<group>"; };
		3E9658A61537E26D002818DB /* TLAppDelegate.m */ = {isa = PBXFileReference; lastKnownFileType = sourcecode.c.objc; path = TLAppDelegate.m; sourceTree = "<group>"; };
		3E9658A81537E26D002818DB /* TLViewController.h */ = {isa = PBXFileReference; lastKnownFileType = sourcecode.c.h; path = TLViewController.h; sourceTree = "<group>"; };
		3E9658A91537E26D002818DB /* TLViewController.m */ = {isa = PBXFileReference; lastKnownFileType = sourcecode.c.objc; path = TLViewController.m; sourceTree = "<group>"; };
		3E9658AC1537E26D002818DB /* en */ = {isa = PBXFileReference; lastKnownFileType = file.xib; name = en; path = en.lproj/TLViewController.xib; sourceTree = "<group>"; };
		3E9658B81537EC3C002818DB /* MapKit.framework */ = {isa = PBXFileReference; lastKnownFileType = wrapper.framework; name = MapKit.framework; path = System/Library/Frameworks/MapKit.framework; sourceTree = SDKROOT; };
/* End PBXFileReference section */

/* Begin PBXFrameworksBuildPhase section */
		3E96588F1537E26C002818DB /* Frameworks */ = {
			isa = PBXFrameworksBuildPhase;
			buildActionMask = 2147483647;
			files = (
				3E9658971537E26D002818DB /* UIKit.framework in Frameworks */,
				3E9658991537E26D002818DB /* Foundation.framework in Frameworks */,
				3E96589B1537E26D002818DB /* CoreGraphics.framework in Frameworks */,
				3E9658B91537EC3C002818DB /* MapKit.framework in Frameworks */,
			);
			runOnlyForDeploymentPostprocessing = 0;
		};
/* End PBXFrameworksBuildPhase section */

/* Begin PBXGroup section */
		3E9658871537E26C002818DB = {
			isa = PBXGroup;
			children = (
				3E96589C1537E26D002818DB /* Trailer */,
				3E9658951537E26D002818DB /* Frameworks */,
				3E9658931537E26D002818DB /* Products */,
			);
			sourceTree = "<group>";
		};
		3E9658931537E26D002818DB /* Products */ = {
			isa = PBXGroup;
			children = (
				3E9658921537E26D002818DB /* Trailer.app */,
			);
			name = Products;
			sourceTree = "<group>";
		};
		3E9658951537E26D002818DB /* Frameworks */ = {
			isa = PBXGroup;
			children = (
				3E9658B81537EC3C002818DB /* MapKit.framework */,
				3E9658961537E26D002818DB /* UIKit.framework */,
				3E9658981537E26D002818DB /* Foundation.framework */,
				3E96589A1537E26D002818DB /* CoreGraphics.framework */,
			);
			name = Frameworks;
			sourceTree = "<group>";
		};
		3E96589C1537E26D002818DB /* Trailer */ = {
			isa = PBXGroup;
			children = (
				3E9658A51537E26D002818DB /* TLAppDelegate.h */,
				3E9658A61537E26D002818DB /* TLAppDelegate.m */,
				3E9658A81537E26D002818DB /* TLViewController.h */,
				3E9658A91537E26D002818DB /* TLViewController.m */,
				3E9658AB1537E26D002818DB /* TLViewController.xib */,
				3E96589D1537E26D002818DB /* Supporting Files */,
			);
			path = Trailer;
			sourceTree = "<group>";
		};
		3E96589D1537E26D002818DB /* Supporting Files */ = {
			isa = PBXGroup;
			children = (
				3E96589E1537E26D002818DB /* Trailer-Info.plist */,
				3E96589F1537E26D002818DB /* InfoPlist.strings */,
				3E9658A21537E26D002818DB /* main.m */,
				3E9658A41537E26D002818DB /* Trailer-Prefix.pch */,
			);
			name = "Supporting Files";
			sourceTree = "<group>";
		};
/* End PBXGroup section */

/* Begin PBXNativeTarget section */
		3E9658911537E26C002818DB /* Trailer */ = {
			isa = PBXNativeTarget;
			buildConfigurationList = 3E9658B01537E26D002818DB /* Build configuration list for PBXNativeTarget "Trailer" */;
			buildPhases = (
				3E96588E1537E26C002818DB /* Sources */,
				3E96588F1537E26C002818DB /* Frameworks */,
				3E9658901537E26C002818DB /* Resources */,
			);
			buildRules = (
			);
			dependencies = (
			);
			name = Trailer;
			productName = Trailer;
			productReference = 3E9658921537E26D002818DB /* Trailer.app */;
			productType = "com.apple.product-type.application";
		};
/* End PBXNativeTarget section */

/* Begin PBXProject section */
		3E9658891537E26C002818DB /* Project object */ = {
			isa = PBXProject;
			attributes = {
				LastUpgradeCheck = 0420;
				ORGANIZATIONNAME = "&yet";
			};
			buildConfigurationList = 3E96588C1537E26C002818DB /* Build configuration list for PBXProject "Trailer" */;
			compatibilityVersion = "Xcode 3.2";
			developmentRegion = English;
			hasScannedForEncodings = 0;
			knownRegions = (
				en,
			);
			mainGroup = 3E9658871537E26C002818DB;
			productRefGroup = 3E9658931537E26D002818DB /* Products */;
			projectDirPath = "";
			projectRoot = "";
			targets = (
				3E9658911537E26C002818DB /* Trailer */,
			);
		};
/* End PBXProject section */

/* Begin PBXResourcesBuildPhase section */
		3E9658901537E26C002818DB /* Resources */ = {
			isa = PBXResourcesBuildPhase;
			buildActionMask = 2147483647;
			files = (
				3E9658A11537E26D002818DB /* InfoPlist.strings in Resources */,
				3E9658AD1537E26D002818DB /* TLViewController.xib in Resources */,
			);
			runOnlyForDeploymentPostprocessing = 0;
		};
/* End PBXResourcesBuildPhase section */

/* Begin PBXSourcesBuildPhase section */
		3E96588E1537E26C002818DB /* Sources */ = {
			isa = PBXSourcesBuildPhase;
			buildActionMask = 2147483647;
			files = (
				3E9658A31537E26D002818DB /* main.m in Sources */,
				3E9658A71537E26D002818DB /* TLAppDelegate.m in Sources */,
				3E9658AA1537E26D002818DB /* TLViewController.m in Sources */,
			);
			runOnlyForDeploymentPostprocessing = 0;
		};
/* End PBXSourcesBuildPhase section */

/* Begin PBXVariantGroup section */
		3E96589F1537E26D002818DB /* InfoPlist.strings */ = {
			isa = PBXVariantGroup;
			children = (
				3E9658A01537E26D002818DB /* en */,
			);
			name = InfoPlist.strings;
			sourceTree = "<group>";
		};
		3E9658AB1537E26D002818DB /* TLViewController.xib */ = {
			isa = PBXVariantGroup;
			children = (
				3E9658AC1537E26D002818DB /* en */,
			);
			name = TLViewController.xib;
			sourceTree = "<group>";
		};
/* End PBXVariantGroup section */

/* Begin XCBuildConfiguration section */
		3E9658AE1537E26D002818DB /* Debug */ = {
			isa = XCBuildConfiguration;
			buildSettings = {
				ALWAYS_SEARCH_USER_PATHS = NO;
				ARCHS = "$(ARCHS_STANDARD_32_BIT)";
				CLANG_ENABLE_OBJC_ARC = YES;
				"CODE_SIGN_IDENTITY[sdk=iphoneos*]" = "iPhone Developer";
				COPY_PHASE_STRIP = NO;
				GCC_C_LANGUAGE_STANDARD = gnu99;
				GCC_DYNAMIC_NO_PIC = NO;
				GCC_OPTIMIZATION_LEVEL = 0;
				GCC_PREPROCESSOR_DEFINITIONS = (
					"DEBUG=1",
					"$(inherited)",
				);
				GCC_SYMBOLS_PRIVATE_EXTERN = NO;
				GCC_VERSION = com.apple.compilers.llvm.clang.1_0;
				GCC_WARN_ABOUT_MISSING_PROTOTYPES = YES;
				GCC_WARN_ABOUT_RETURN_TYPE = YES;
				GCC_WARN_UNUSED_VARIABLE = YES;
				IPHONEOS_DEPLOYMENT_TARGET = 4.2;
				SDKROOT = iphoneos;
			};
			name = Debug;
		};
		3E9658AF1537E26D002818DB /* Release */ = {
			isa = XCBuildConfiguration;
			buildSettings = {
				ALWAYS_SEARCH_USER_PATHS = NO;
				ARCHS = "$(ARCHS_STANDARD_32_BIT)";
				CLANG_ENABLE_OBJC_ARC = YES;
				"CODE_SIGN_IDENTITY[sdk=iphoneos*]" = "iPhone Developer";
				COPY_PHASE_STRIP = YES;
				GCC_C_LANGUAGE_STANDARD = gnu99;
				GCC_VERSION = com.apple.compilers.llvm.clang.1_0;
				GCC_WARN_ABOUT_MISSING_PROTOTYPES = YES;
				GCC_WARN_ABOUT_RETURN_TYPE = YES;
				GCC_WARN_UNUSED_VARIABLE = YES;
				IPHONEOS_DEPLOYMENT_TARGET = 4.2;
				OTHER_CFLAGS = "-DNS_BLOCK_ASSERTIONS=1";
				SDKROOT = iphoneos;
				VALIDATE_PRODUCT = YES;
			};
			name = Release;
		};
		3E9658B11537E26D002818DB /* Debug */ = {
			isa = XCBuildConfiguration;
			buildSettings = {
				GCC_PRECOMPILE_PREFIX_HEADER = YES;
				GCC_PREFIX_HEADER = "Trailer/Trailer-Prefix.pch";
				INFOPLIST_FILE = "Trailer/Trailer-Info.plist";
				IPHONEOS_DEPLOYMENT_TARGET = 4.2;
				PRODUCT_NAME = "$(TARGET_NAME)";
				WRAPPER_EXTENSION = app;
			};
			name = Debug;
		};
		3E9658B21537E26D002818DB /* Release */ = {
			isa = XCBuildConfiguration;
			buildSettings = {
				GCC_PRECOMPILE_PREFIX_HEADER = YES;
				GCC_PREFIX_HEADER = "Trailer/Trailer-Prefix.pch";
				INFOPLIST_FILE = "Trailer/Trailer-Info.plist";
				IPHONEOS_DEPLOYMENT_TARGET = 4.2;
				PRODUCT_NAME = "$(TARGET_NAME)";
				WRAPPER_EXTENSION = app;
			};
			name = Release;
		};
/* End XCBuildConfiguration section */

/* Begin XCConfigurationList section */
		3E96588C1537E26C002818DB /* Build configuration list for PBXProject "Trailer" */ = {
			isa = XCConfigurationList;
			buildConfigurations = (
				3E9658AE1537E26D002818DB /* Debug */,
				3E9658AF1537E26D002818DB /* Release */,
			);
			defaultConfigurationIsVisible = 0;
			defaultConfigurationName = Release;
		};
		3E9658B01537E26D002818DB /* Build configuration list for PBXNativeTarget "Trailer" */ = {
			isa = XCConfigurationList;
			buildConfigurations = (
				3E9658B11537E26D002818DB /* Debug */,
				3E9658B21537E26D002818DB /* Release */,
			);
			defaultConfigurationIsVisible = 0;
		};
/* End XCConfigurationList section */
	};
	rootObject = 3E9658891537E26C002818DB /* Project object */;
}
